
Microsoft Visual Studio Solution File, Format Version 12.00
# Visual Studio Version 17
VisualStudioVersion = 17.12.35209.166
MinimumVisualStudioVersion = 10.0.40219.1
Project("{FAE04EC0-301F-11D3-BF4B-00C04F79EFBC}") = "Simple Bank Account", "Simple Bank Account\Simple Bank Account.csproj", "{F9929444-85E0-46DD-842F-4D5BD62CC569}"
EndProject
Project("{FAE04EC0-301F-11D3-BF4B-00C04F79EFBC}") = "Product Inventory", "Product Inventory\Product Inventory.csproj", "{39FF9CBC-8D6B-4DC1-B7A7-1324BA296D20}"
EndProject
Project("{FAE04EC0-301F-11D3-BF4B-00C04F79EFBC}") = "Car Class with Automatic Properties", "Car Class with Automatic Properties\Car Class with Automatic Properties.csproj", "{38F47457-6531-47CA-9F15-1758858556E9}"
EndProject
Global
	GlobalSection(SolutionConfigurationPlatforms) = preSolution
		Debug|Any CPU = Debug|Any CPU
		Release|Any CPU = Release|Any CPU
	EndGlobalSection
	GlobalSection(ProjectConfigurationPlatforms) = postSolution
		{F9929444-85E0-46DD-842F-4D5BD62CC569}.Debug|Any CPU.ActiveCfg = Debug|Any CPU
		{F9929444-85E0-46DD-842F-4D5BD62CC569}.Debug|Any CPU.Build.0 = Debug|Any CPU
		{F9929444-85E0-46DD-842F-4D5BD62CC569}.Release|Any CPU.ActiveCfg = Release|Any CPU
		{F9929444-85E0-46DD-842F-4D5BD62CC569}.Release|Any CPU.Build.0 = Release|Any CPU
		{39FF9CBC-8D6B-4DC1-B7A7-1324BA296D20}.Debug|Any CPU.ActiveCfg = Debug|Any CPU
		{39FF9CBC-8D6B-4DC1-B7A7-1324BA296D20}.Debug|Any CPU.Build.0 = Debug|Any CPU
		{39FF9CBC-8D6B-4DC1-B7A7-1324BA296D20}.Release|Any CPU.ActiveCfg = Release|Any CPU
		{39FF9CBC-8D6B-4DC1-B7A7-1324BA296D20}.Release|Any CPU.Build.0 = Release|Any CPU
		{38F47457-6531-47CA-9F15-1758858556E9}.Debug|Any CPU.ActiveCfg = Debug|Any CPU
		{38F47457-6531-47CA-9F15-1758858556E9}.Debug|Any CPU.Build.0 = Debug|Any CPU
		{38F47457-6531-47CA-9F15-1758858556E9}.Release|Any CPU.ActiveCfg = Release|Any CPU
		{38F47457-6531-47CA-9F15-1758858556E9}.Release|Any CPU.Build.0 = Release|Any CPU
	EndGlobalSection
	GlobalSection(SolutionProperties) = preSolution
		HideSolutionNode = FALSE
	EndGlobalSection
	GlobalSection(ExtensibilityGlobals) = postSolution
		SolutionGuid = {5E22C8AE-E057-4886-8D0B-FED1F7BE20F0}
	EndGlobalSection
EndGlobal
